// !$*UTF8*$!
{
	archiveVersion = 1;
	classes = {
	};
	objectVersion = 50;
	objects = {

/* Begin PBXBuildFile section */
		BA5C83DA227AE4A5008F03B7 /* AppDelegate.m in Sources */ = {isa = PBXBuildFile; fileRef = BA5C83D9227AE4A5008F03B7 /* AppDelegate.m */; };
		BA5C83DD227AE4A5008F03B7 /* ViewController.m in Sources */ = {isa = PBXBuildFile; fileRef = BA5C83DC227AE4A5008F03B7 /* ViewController.m */; };
		BA5C83E0227AE4A5008F03B7 /* Main.storyboard in Resources */ = {isa = PBXBuildFile; fileRef = BA5C83DE227AE4A5008F03B7 /* Main.storyboard */; };
		BA5C83E3227AE4A5008F03B7 /* dispatchOnceDemo.xcdatamodeld in Sources */ = {isa = PBXBuildFile; fileRef = BA5C83E1227AE4A5008F03B7 /* dispatchOnceDemo.xcdatamodeld */; };
		BA5C83E5227AE4A9008F03B7 /* Assets.xcassets in Resources */ = {isa = PBXBuildFile; fileRef = BA5C83E4227AE4A9008F03B7 /* Assets.xcassets */; };
		BA5C83E8227AE4A9008F03B7 /* LaunchScreen.storyboard in Resources */ = {isa = PBXBuildFile; fileRef = BA5C83E6227AE4A9008F03B7 /* LaunchScreen.storyboard */; };
		BA5C83EB227AE4A9008F03B7 /* main.m in Sources */ = {isa = PBXBuildFile; fileRef = BA5C83EA227AE4A9008F03B7 /* main.m */; };
		BA5C83F3227AE4CD008F03B7 /* DBManager.m in Sources */ = {isa = PBXBuildFile; fileRef = BA5C83F2227AE4CD008F03B7 /* DBManager.m */; };
/* End PBXBuildFile section */

/* Begin PBXFileReference section */
		BA5C83D5227AE4A5008F03B7 /* dispatchOnceDemo.app */ = {isa = PBXFileReference; explicitFileType = wrapper.application; includeInIndex = 0; path = dispatchOnceDemo.app; sourceTree = BUILT_PRODUCTS_DIR; };
		BA5C83D8227AE4A5008F03B7 /* AppDelegate.h */ = {isa = PBXFileReference; lastKnownFileType = sourcecode.c.h; path = AppDelegate.h; sourceTree = "<group>"; };
		BA5C83D9227AE4A5008F03B7 /* AppDelegate.m */ = {isa = PBXFileReference; lastKnownFileType = sourcecode.c.objc; path = AppDelegate.m; sourceTree = "<group>"; };
		BA5C83DB227AE4A5008F03B7 /* ViewController.h */ = {isa = PBXFileReference; lastKnownFileType = sourcecode.c.h; path = ViewController.h; sourceTree = "<group>"; };
		BA5C83DC227AE4A5008F03B7 /* ViewController.m */ = {isa = PBXFileReference; lastKnownFileType = sourcecode.c.objc; path = ViewController.m; sourceTree = "<group>"; };
		BA5C83DF227AE4A5008F03B7 /* Base */ = {isa = PBXFileReference; lastKnownFileType = file.storyboard; name = Base; path = Base.lproj/Main.storyboard; sourceTree = "<group>"; };
		BA5C83E2227AE4A5008F03B7 /* dispatchOnceDemo.xcdatamodel */ = {isa = PBXFileReference; lastKnownFileType = wrapper.xcdatamodel; path = dispatchOnceDemo.xcdatamodel; sourceTree = "<group>"; };
		BA5C83E4227AE4A9008F03B7 /* Assets.xcassets */ = {isa = PBXFileReference; lastKnownFileType = folder.assetcatalog; path = Assets.xcassets; sourceTree = "<group>"; };
		BA5C83E7227AE4A9008F03B7 /* Base */ = {isa = PBXFileReference; lastKnownFileType = file.storyboard; name = Base; path = Base.lproj/LaunchScreen.storyboard; sourceTree = "<group>"; };
		BA5C83E9227AE4A9008F03B7 /* Info.plist */ = {isa = PBXFileReference; lastKnownFileType = text.plist.xml; path = Info.plist; sourceTree = "<group>"; };
		BA5C83EA227AE4A9008F03B7 /* main.m */ = {isa = PBXFileReference; lastKnownFileType = sourcecode.c.objc; path = main.m; sourceTree = "<group>"; };
		BA5C83F1227AE4CD008F03B7 /* DBManager.h */ = {isa = PBXFileReference; lastKnownFileType = sourcecode.c.h; path = DBManager.h; sourceTree = "<group>"; };
		BA5C83F2227AE4CD008F03B7 /* DBManager.m */ = {isa = PBXFileReference; lastKnownFileType = sourcecode.c.objc; path = DBManager.m; sourceTree = "<group>"; };
/* End PBXFileReference section */

/* Begin PBXFrameworksBuildPhase section */
		BA5C83D2227AE4A5008F03B7 /* Frameworks */ = {
			isa = PBXFrameworksBuildPhase;
			buildActionMask = 2147483647;
			files = (
			);
			runOnlyForDeploymentPostprocessing = 0;
		};
/* End PBXFrameworksBuildPhase section */

/* Begin PBXGroup section */
		BA5C83CC227AE4A5008F03B7 = {
			isa = PBXGroup;
			children = (
				BA5C83D7227AE4A5008F03B7 /* dispatchOnceDemo */,
				BA5C83D6227AE4A5008F03B7 /* Products */,
			);
			sourceTree = "<group>";
		};
		BA5C83D6227AE4A5008F03B7 /* Products */ = {
			isa = PBXGroup;
			children = (
				BA5C83D5227AE4A5008F03B7 /* dispatchOnceDemo.app */,
			);
			name = Products;
			sourceTree = "<group>";
		};
		BA5C83D7227AE4A5008F03B7 /* dispatchOnceDemo */ = {
			isa = PBXGroup;
			children = (
				BA5C83D8227AE4A5008F03B7 /* AppDelegate.h */,
				BA5C83D9227AE4A5008F03B7 /* AppDelegate.m */,
				BA5C83DB227AE4A5008F03B7 /* ViewController.h */,
				BA5C83DC227AE4A5008F03B7 /* ViewController.m */,
				BA5C83DE227AE4A5008F03B7 /* Main.storyboard */,
				BA5C83E4227AE4A9008F03B7 /* Assets.xcassets */,
				BA5C83E6227AE4A9008F03B7 /* LaunchScreen.storyboard */,
				BA5C83E9227AE4A9008F03B7 /* Info.plist */,
				BA5C83EA227AE4A9008F03B7 /* main.m */,
				BA5C83E1227AE4A5008F03B7 /* dispatchOnceDemo.xcdatamodeld */,
				BA5C83F1227AE4CD008F03B7 /* DBManager.h */,
				BA5C83F2227AE4CD008F03B7 /* DBManager.m */,
			);
			path = dispatchOnceDemo;
			sourceTree = "<group>";
		};
/* End PBXGroup section */

/* Begin PBXNativeTarget section */
		BA5C83D4227AE4A5008F03B7 /* dispatchOnceDemo */ = {
			isa = PBXNativeTarget;
			buildConfigurationList = BA5C83EE227AE4A9008F03B7 /* Build configuration list for PBXNativeTarget "dispatchOnceDemo" */;
			buildPhases = (
				BA5C83D1227AE4A5008F03B7 /* Sources */,
				BA5C83D2227AE4A5008F03B7 /* Frameworks */,
				BA5C83D3227AE4A5008F03B7 /* Resources */,
			);
			buildRules = (
			);
			dependencies = (
			);
			name = dispatchOnceDemo;
			productName = dispatchOnceDemo;
			productReference = BA5C83D5227AE4A5008F03B7 /* dispatchOnceDemo.app */;
			productType = "com.apple.product-type.application";
		};
/* End PBXNativeTarget section */

/* Begin PBXProject section */
		BA5C83CD227AE4A5008F03B7 /* Project object */ = {
			isa = PBXProject;
			attributes = {
				LastUpgradeCheck = 0930;
				ORGANIZATIONNAME = iti;
				TargetAttributes = {
					BA5C83D4227AE4A5008F03B7 = {
						CreatedOnToolsVersion = 9.3;
					};
				};
			};
			buildConfigurationList = BA5C83D0227AE4A5008F03B7 /* Build configuration list for PBXProject "dispatchOnceDemo" */;
			compatibilityVersion = "Xcode 9.3";
			developmentRegion = en;
			hasScannedForEncodings = 0;
			knownRegions = (
				en,
				Base,
			);
			mainGroup = BA5C83CC227AE4A5008F03B7;
			productRefGroup = BA5C83D6227AE4A5008F03B7 /* Products */;
			projectDirPath = "";
			projectRoot = "";
			targets = (
				BA5C83D4227AE4A5008F03B7 /* dispatchOnceDemo */,
			);
		};
/* End PBXProject section */

/* Begin PBXResourcesBuildPhase section */
		BA5C83D3227AE4A5008F03B7 /* Resources */ = {
			isa = PBXResourcesBuildPhase;
			buildActionMask = 2147483647;
			files = (
				BA5C83E8227AE4A9008F03B7 /* LaunchScreen.storyboard in Resources */,
				BA5C83E5227AE4A9008F03B7 /* Assets.xcassets in Resources */,
				BA5C83E0227AE4A5008F03B7 /* Main.storyboard in Resources */,
			);
			runOnlyForDeploymentPostprocessing = 0;
		};
/* End PBXResourcesBuildPhase section */

/* Begin PBXSourcesBuildPhase section */
		BA5C83D1227AE4A5008F03B7 /* Sources */ = {
			isa = PBXSourcesBuildPhase;
			buildActionMask = 2147483647;
			files = (
				BA5C83DD227AE4A5008F03B7 /* ViewController.m in Sources */,
				BA5C83E3227AE4A5008F03B7 /* dispatchOnceDemo.xcdatamodeld in Sources */,
				BA5C83EB227AE4A9008F03B7 /* main.m in Sources */,
				BA5C83DA227AE4A5008F03B7 /* AppDelegate.m in Sources */,
				BA5C83F3227AE4CD008F03B7 /* DBManager.m in Sources */,
			);
			runOnlyForDeploymentPostprocessing = 0;
		};
/* End PBXSourcesBuildPhase section */

/* Begin PBXVariantGroup section */
		BA5C83DE227AE4A5008F03B7 /* Main.storyboard */ = {
			isa = PBXVariantGroup;
			children = (
				BA5C83DF227AE4A5008F03B7 /* Base */,
			);
			name = Main.storyboard;
			sourceTree = "<group>";
		};
		BA5C83E6227AE4A9008F03B7 /* LaunchScreen.storyboard */ = {
			isa = PBXVariantGroup;
			children = (
				BA5C83E7227AE4A9008F03B7 /* Base */,
			);
			name = LaunchScreen.storyboard;
			sourceTree = "<group>";
		};
/* End PBXVariantGroup section */

/* Begin XCBuildConfiguration section */
		BA5C83EC227AE4A9008F03B7 /* Debug */ = {
			isa = XCBuildConfiguration;
			buildSettings = {
				ALWAYS_SEARCH_USER_PATHS = NO;
				CLANG_ANALYZER_NONNULL = YES;
				CLANG_ANALYZER_NUMBER_OBJECT_CONVERSION = YES_AGGRESSIVE;
				CLANG_CXX_LANGUAGE_STANDARD = "gnu++14";
				CLANG_CXX_LIBRARY = "libc++";
				CLANG_ENABLE_MODULES = YES;
				CLANG_ENABLE_OBJC_ARC = YES;
				CLANG_ENABLE_OBJC_WEAK = YES;
				CLANG_WARN_BLOCK_CAPTURE_AUTORELEASING = YES;
				CLANG_WARN_BOOL_CONVERSION = YES;
				CLANG_WARN_COMMA = YES;
				CLANG_WARN_CONSTANT_CONVERSION = YES;
				CLANG_WARN_DEPRECATED_OBJC_IMPLEMENTATIONS = YES;
				CLANG_WARN_DIRECT_OBJC_ISA_USAGE = YES_ERROR;
				CLANG_WARN_DOCUMENTATION_COMMENTS = YES;
				CLANG_WARN_EMPTY_BODY = YES;
				CLANG_WARN_ENUM_CONVERSION = YES;
				CLANG_WARN_INFINITE_RECURSION = YES;
				CLANG_WARN_INT_CONVERSION = YES;
				CLANG_WARN_NON_LITERAL_NULL_CONVERSION = YES;
				CLANG_WARN_OBJC_IMPLICIT_RETAIN_SELF = YES;
				CLANG_WARN_OBJC_LITERAL_CONVERSION = YES;
				CLANG_WARN_OBJC_ROOT_CLASS = YES_ERROR;
				CLANG_WARN_RANGE_LOOP_ANALYSIS = YES;
				CLANG_WARN_STRICT_PROTOTYPES = YES;
				CLANG_WARN_SUSPICIOUS_MOVE = YES;
				CLANG_WARN_UNGUARDED_AVAILABILITY = YES_AGGRESSIVE;
				CLANG_WARN_UNREACHABLE_CODE = YES;
				CLANG_WARN__DUPLICATE_METHOD_MATCH = YES;
				CODE_SIGN_IDENTITY = "iPhone Developer";
				COPY_PHASE_STRIP = NO;
				DEBUG_INFORMATION_FORMAT = dwarf;
				ENABLE_STRICT_OBJC_MSGSEND = YES;
				ENABLE_TESTABILITY = YES;
				GCC_C_LANGUAGE_STANDARD = gnu11;
				GCC_DYNAMIC_NO_PIC = NO;
				GCC_NO_COMMON_BLOCKS = YES;
				GCC_OPTIMIZATION_LEVEL = 0;
				GCC_PREPROCESSOR_DEFINITIONS = (
					"DEBUG=1",
					"$(inherited)",
				);
				GCC_WARN_64_TO_32_BIT_CONVERSION = YES;
				GCC_WARN_ABOUT_RETURN_TYPE = YES_ERROR;
				GCC_WARN_UNDECLARED_SELECTOR = YES;
				GCC_WARN_UNINITIALIZED_AUTOS = YES_AGGRESSIVE;
				GCC_WARN_UNUSED_FUNCTION = YES;
				GCC_WARN_UNUSED_VARIABLE = YES;
				IPHONEOS_DEPLOYMENT_TARGET = 11.3;
				MTL_ENABLE_DEBUG_INFO = YES;
				ONLY_ACTIVE_ARCH = YES;
				SDKROOT = iphoneos;
			};
			name = Debug;
		};
		BA5C83ED227AE4A9008F03B7 /* Release */ = {
			isa = XCBuildConfiguration;
			buildSettings = {
				ALWAYS_SEARCH_USER_PATHS = NO;
				CLANG_ANALYZER_NONNULL = YES;
				CLANG_ANALYZER_NUMBER_OBJECT_CONVERSION = YES_AGGRESSIVE;
				CLANG_CXX_LANGUAGE_STANDARD = "gnu++14";
				CLANG_CXX_LIBRARY = "libc++";
				CLANG_ENABLE_MODULES = YES;
				CLANG_ENABLE_OBJC_ARC = YES;
				CLANG_ENABLE_OBJC_WEAK = YES;
				CLANG_WARN_BLOCK_CAPTURE_AUTORELEASING = YES;
				CLANG_WARN_BOOL_CONVERSION = YES;
				CLANG_WARN_COMMA = YES;
				CLANG_WARN_CONSTANT_CONVERSION = YES;
				CLANG_WARN_DEPRECATED_OBJC_IMPLEMENTATIONS = YES;
				CLANG_WARN_DIRECT_OBJC_ISA_USAGE = YES_ERROR;
				CLANG_WARN_DOCUMENTATION_COMMENTS = YES;
				CLANG_WARN_EMPTY_BODY = YES;
				CLANG_WARN_ENUM_CONVERSION = YES;
				CLANG_WARN_INFINITE_RECURSION = YES;
				CLANG_WARN_INT_CONVERSION = YES;
				CLANG_WARN_NON_LITERAL_NULL_CONVERSION = YES;
				CLANG_WARN_OBJC_IMPLICIT_RETAIN_SELF = YES;
				CLANG_WARN_OBJC_LITERAL_CONVERSION = YES;
				CLANG_WARN_OBJC_ROOT_CLASS = YES_ERROR;
				CLANG_WARN_RANGE_LOOP_ANALYSIS = YES;
				CLANG_WARN_STRICT_PROTOTYPES = YES;
				CLANG_WARN_SUSPICIOUS_MOVE = YES;
				CLANG_WARN_UNGUARDED_AVAILABILITY = YES_AGGRESSIVE;
				CLANG_WARN_UNREACHABLE_CODE = YES;
				CLANG_WARN__DUPLICATE_METHOD_MATCH = YES;
				CODE_SIGN_IDENTITY = "iPhone Developer";
				COPY_PHASE_STRIP = NO;
				DEBUG_INFORMATION_FORMAT = "dwarf-with-dsym";
				ENABLE_NS_ASSERTIONS = NO;
				ENABLE_STRICT_OBJC_MSGSEND = YES;
				GCC_C_LANGUAGE_STANDARD = gnu11;
				GCC_NO_COMMON_BLOCKS = YES;
				GCC_WARN_64_TO_32_BIT_CONVERSION = YES;
				GCC_WARN_ABOUT_RETURN_TYPE = YES_ERROR;
				GCC_WARN_UNDECLARED_SELECTOR = YES;
				GCC_WARN_UNINITIALIZED_AUTOS = YES_AGGRESSIVE;
				GCC_WARN_UNUSED_FUNCTION = YES;
				GCC_WARN_UNUSED_VARIABLE = YES;
				IPHONEOS_DEPLOYMENT_TARGET = 11.3;
				MTL_ENABLE_DEBUG_INFO = NO;
				SDKROOT = iphoneos;
				VALIDATE_PRODUCT = YES;
			};
			name = Release;
		};
		BA5C83EF227AE4A9008F03B7 /* Debug */ = {
			isa = XCBuildConfiguration;
			buildSettings = {
				ASSETCATALOG_COMPILER_APPICON_NAME = AppIcon;
				CODE_SIGN_STYLE = Automatic;
				INFOPLIST_FILE = dispatchOnceDemo/Info.plist;
				LD_RUNPATH_SEARCH_PATHS = (
					"$(inherited)",
					"@executable_path/Frameworks",
				);
				PRODUCT_BUNDLE_IDENTIFIER = com.ep.dispatchOnceDemo;
				PRODUCT_NAME = "$(TARGET_NAME)";
				TARGETED_DEVICE_FAMILY = "1,2";
			};
			name = Debug;
		};
		BA5C83F0227AE4A9008F03B7 /* Release */ = {
			isa = XCBuildConfiguration;
			buildSettings = {
				ASSETCATALOG_COMPILER_APPICON_NAME = AppIcon;
				CODE_SIGN_STYLE = Automatic;
				INFOPLIST_FILE = dispatchOnceDemo/Info.plist;
				LD_RUNPATH_SEARCH_PATHS = (
					"$(inherited)",
					"@executable_path/Frameworks",
				);
				PRODUCT_BUNDLE_IDENTIFIER = com.ep.dispatchOnceDemo;
				PRODUCT_NAME = "$(TARGET_NAME)";
				TARGETED_DEVICE_FAMILY = "1,2";
			};
			name = Release;
		};
/* End XCBuildConfiguration section */

/* Begin XCConfigurationList section */
		BA5C83D0227AE4A5008F03B7 /* Build configuration list for PBXProject "dispatchOnceDemo" */ = {
			isa = XCConfigurationList;
			buildConfigurations = (
				BA5C83EC227AE4A9008F03B7 /* Debug */,
				BA5C83ED227AE4A9008F03B7 /* Release */,
			);
			defaultConfigurationIsVisible = 0;
			defaultConfigurationName = Release;
		};
		BA5C83EE227AE4A9008F03B7 /* Build configuration list for PBXNativeTarget "dispatchOnceDemo" */ = {
			isa = XCConfigurationList;
			buildConfigurations = (
				BA5C83EF227AE4A9008F03B7 /* Debug */,
				BA5C83F0227AE4A9008F03B7 /* Release */,
			);
			defaultConfigurationIsVisible = 0;
			defaultConfigurationName = Release;
		};
/* End XCConfigurationList section */

/* Begin XCVersionGroup section */
		BA5C83E1227AE4A5008F03B7 /* dispatchOnceDemo.xcdatamodeld */ = {
			isa = XCVersionGroup;
			children = (
				BA5C83E2227AE4A5008F03B7 /* dispatchOnceDemo.xcdatamodel */,
			);
			currentVersion = BA5C83E2227AE4A5008F03B7 /* dispatchOnceDemo.xcdatamodel */;
			path = dispatchOnceDemo.xcdatamodeld;
			sourceTree = "<group>";
			versionGroupType = wrapper.xcdatamodel;
		};
/* End XCVersionGroup section */
	};
	rootObject = BA5C83CD227AE4A5008F03B7 /* Project object */;
}
