// !$*UTF8*$!
{
	archiveVersion = 1;
	classes = {
	};
	objectVersion = 50;
	objects = {

/* Begin PBXBuildFile section */
		99DFD0B0226EF5740084CAC8 /* AppDelegate.m in Sources */ = {isa = PBXBuildFile; fileRef = 99DFD0AF226EF5740084CAC8 /* AppDelegate.m */; };
		99DFD0B3226EF5740084CAC8 /* ViewController.m in Sources */ = {isa = PBXBuildFile; fileRef = 99DFD0B2226EF5740084CAC8 /* ViewController.m */; };
		99DFD0B6226EF5740084CAC8 /* Main.storyboard in Resources */ = {isa = PBXBuildFile; fileRef = 99DFD0B4226EF5740084CAC8 /* Main.storyboard */; };
		99DFD0B8226EF57F0084CAC8 /* Assets.xcassets in Resources */ = {isa = PBXBuildFile; fileRef = 99DFD0B7226EF57F0084CAC8 /* Assets.xcassets */; };
		99DFD0BB226EF57F0084CAC8 /* LaunchScreen.storyboard in Resources */ = {isa = PBXBuildFile; fileRef = 99DFD0B9226EF57F0084CAC8 /* LaunchScreen.storyboard */; };
		99DFD0BE226EF57F0084CAC8 /* main.m in Sources */ = {isa = PBXBuildFile; fileRef = 99DFD0BD226EF57F0084CAC8 /* main.m */; };
/* End PBXBuildFile section */

/* Begin PBXFileReference section */
		99DFD0AB226EF5740084CAC8 /* WebserviceLogin.app */ = {isa = PBXFileReference; explicitFileType = wrapper.application; includeInIndex = 0; path = WebserviceLogin.app; sourceTree = BUILT_PRODUCTS_DIR; };
		99DFD0AE226EF5740084CAC8 /* AppDelegate.h */ = {isa = PBXFileReference; lastKnownFileType = sourcecode.c.h; path = AppDelegate.h; sourceTree = "<group>"; };
		99DFD0AF226EF5740084CAC8 /* AppDelegate.m */ = {isa = PBXFileReference; lastKnownFileType = sourcecode.c.objc; path = AppDelegate.m; sourceTree = "<group>"; };
		99DFD0B1226EF5740084CAC8 /* ViewController.h */ = {isa = PBXFileReference; lastKnownFileType = sourcecode.c.h; path = ViewController.h; sourceTree = "<group>"; };
		99DFD0B2226EF5740084CAC8 /* ViewController.m */ = {isa = PBXFileReference; lastKnownFileType = sourcecode.c.objc; path = ViewController.m; sourceTree = "<group>"; };
		99DFD0B5226EF5740084CAC8 /* Base */ = {isa = PBXFileReference; lastKnownFileType = file.storyboard; name = Base; path = Base.lproj/Main.storyboard; sourceTree = "<group>"; };
		99DFD0B7226EF57F0084CAC8 /* Assets.xcassets */ = {isa = PBXFileReference; lastKnownFileType = folder.assetcatalog; path = Assets.xcassets; sourceTree = "<group>"; };
		99DFD0BA226EF57F0084CAC8 /* Base */ = {isa = PBXFileReference; lastKnownFileType = file.storyboard; name = Base; path = Base.lproj/LaunchScreen.storyboard; sourceTree = "<group>"; };
		99DFD0BC226EF57F0084CAC8 /* Info.plist */ = {isa = PBXFileReference; lastKnownFileType = text.plist.xml; path = Info.plist; sourceTree = "<group>"; };
		99DFD0BD226EF57F0084CAC8 /* main.m */ = {isa = PBXFileReference; lastKnownFileType = sourcecode.c.objc; path = main.m; sourceTree = "<group>"; };
/* End PBXFileReference section */

/* Begin PBXFrameworksBuildPhase section */
		99DFD0A8226EF5740084CAC8 /* Frameworks */ = {
			isa = PBXFrameworksBuildPhase;
			buildActionMask = 2147483647;
			files = (
			);
			runOnlyForDeploymentPostprocessing = 0;
		};
/* End PBXFrameworksBuildPhase section */

/* Begin PBXGroup section */
		99DFD0A2226EF5740084CAC8 = {
			isa = PBXGroup;
			children = (
				99DFD0AD226EF5740084CAC8 /* WebserviceLogin */,
				99DFD0AC226EF5740084CAC8 /* Products */,
			);
			sourceTree = "<group>";
		};
		99DFD0AC226EF5740084CAC8 /* Products */ = {
			isa = PBXGroup;
			children = (
				99DFD0AB226EF5740084CAC8 /* WebserviceLogin.app */,
			);
			name = Products;
			sourceTree = "<group>";
		};
		99DFD0AD226EF5740084CAC8 /* WebserviceLogin */ = {
			isa = PBXGroup;
			children = (
				99DFD0AE226EF5740084CAC8 /* AppDelegate.h */,
				99DFD0AF226EF5740084CAC8 /* AppDelegate.m */,
				99DFD0B1226EF5740084CAC8 /* ViewController.h */,
				99DFD0B2226EF5740084CAC8 /* ViewController.m */,
				99DFD0B4226EF5740084CAC8 /* Main.storyboard */,
				99DFD0B7226EF57F0084CAC8 /* Assets.xcassets */,
				99DFD0B9226EF57F0084CAC8 /* LaunchScreen.storyboard */,
				99DFD0BC226EF57F0084CAC8 /* Info.plist */,
				99DFD0BD226EF57F0084CAC8 /* main.m */,
			);
			path = WebserviceLogin;
			sourceTree = "<group>";
		};
/* End PBXGroup section */

/* Begin PBXNativeTarget section */
		99DFD0AA226EF5740084CAC8 /* WebserviceLogin */ = {
			isa = PBXNativeTarget;
			buildConfigurationList = 99DFD0C1226EF57F0084CAC8 /* Build configuration list for PBXNativeTarget "WebserviceLogin" */;
			buildPhases = (
				99DFD0A7226EF5740084CAC8 /* Sources */,
				99DFD0A8226EF5740084CAC8 /* Frameworks */,
				99DFD0A9226EF5740084CAC8 /* Resources */,
			);
			buildRules = (
			);
			dependencies = (
			);
			name = WebserviceLogin;
			productName = WebserviceLogin;
			productReference = 99DFD0AB226EF5740084CAC8 /* WebserviceLogin.app */;
			productType = "com.apple.product-type.application";
		};
/* End PBXNativeTarget section */

/* Begin PBXProject section */
		99DFD0A3226EF5740084CAC8 /* Project object */ = {
			isa = PBXProject;
			attributes = {
				LastUpgradeCheck = 1010;
				ORGANIZATIONNAME = ITI;
				TargetAttributes = {
					99DFD0AA226EF5740084CAC8 = {
						CreatedOnToolsVersion = 10.1;
					};
				};
			};
			buildConfigurationList = 99DFD0A6226EF5740084CAC8 /* Build configuration list for PBXProject "WebserviceLogin" */;
			compatibilityVersion = "Xcode 9.3";
			developmentRegion = en;
			hasScannedForEncodings = 0;
			knownRegions = (
				en,
				Base,
			);
			mainGroup = 99DFD0A2226EF5740084CAC8;
			productRefGroup = 99DFD0AC226EF5740084CAC8 /* Products */;
			projectDirPath = "";
			projectRoot = "";
			targets = (
				99DFD0AA226EF5740084CAC8 /* WebserviceLogin */,
			);
		};
/* End PBXProject section */

/* Begin PBXResourcesBuildPhase section */
		99DFD0A9226EF5740084CAC8 /* Resources */ = {
			isa = PBXResourcesBuildPhase;
			buildActionMask = 2147483647;
			files = (
				99DFD0BB226EF57F0084CAC8 /* LaunchScreen.storyboard in Resources */,
				99DFD0B8226EF57F0084CAC8 /* Assets.xcassets in Resources */,
				99DFD0B6226EF5740084CAC8 /* Main.storyboard in Resources */,
			);
			runOnlyForDeploymentPostprocessing = 0;
		};
/* End PBXResourcesBuildPhase section */

/* Begin PBXSourcesBuildPhase section */
		99DFD0A7226EF5740084CAC8 /* Sources */ = {
			isa = PBXSourcesBuildPhase;
			buildActionMask = 2147483647;
			files = (
				99DFD0B3226EF5740084CAC8 /* ViewController.m in Sources */,
				99DFD0BE226EF57F0084CAC8 /* main.m in Sources */,
				99DFD0B0226EF5740084CAC8 /* AppDelegate.m in Sources */,
			);
			runOnlyForDeploymentPostprocessing = 0;
		};
/* End PBXSourcesBuildPhase section */

/* Begin PBXVariantGroup section */
		99DFD0B4226EF5740084CAC8 /* Main.storyboard */ = {
			isa = PBXVariantGroup;
			children = (
				99DFD0B5226EF5740084CAC8 /* Base */,
			);
			name = Main.storyboard;
			sourceTree = "<group>";
		};
		99DFD0B9226EF57F0084CAC8 /* LaunchScreen.storyboard */ = {
			isa = PBXVariantGroup;
			children = (
				99DFD0BA226EF57F0084CAC8 /* Base */,
			);
			name = LaunchScreen.storyboard;
			sourceTree = "<group>";
		};
/* End PBXVariantGroup section */

/* Begin XCBuildConfiguration section */
		99DFD0BF226EF57F0084CAC8 /* Debug */ = {
			isa = XCBuildConfiguration;
			buildSettings = {
				ALWAYS_SEARCH_USER_PATHS = NO;
				CLANG_ANALYZER_NONNULL = YES;
				CLANG_ANALYZER_NUMBER_OBJECT_CONVERSION = YES_AGGRESSIVE;
				CLANG_CXX_LANGUAGE_STANDARD = "gnu++14";
				CLANG_CXX_LIBRARY = "libc++";
				CLANG_ENABLE_MODULES = YES;
				CLANG_ENABLE_OBJC_ARC = YES;
				CLANG_ENABLE_OBJC_WEAK = YES;
				CLANG_WARN_BLOCK_CAPTURE_AUTORELEASING = YES;
				CLANG_WARN_BOOL_CONVERSION = YES;
				CLANG_WARN_COMMA = YES;
				CLANG_WARN_CONSTANT_CONVERSION = YES;
				CLANG_WARN_DEPRECATED_OBJC_IMPLEMENTATIONS = YES;
				CLANG_WARN_DIRECT_OBJC_ISA_USAGE = YES_ERROR;
				CLANG_WARN_DOCUMENTATION_COMMENTS = YES;
				CLANG_WARN_EMPTY_BODY = YES;
				CLANG_WARN_ENUM_CONVERSION = YES;
				CLANG_WARN_INFINITE_RECURSION = YES;
				CLANG_WARN_INT_CONVERSION = YES;
				CLANG_WARN_NON_LITERAL_NULL_CONVERSION = YES;
				CLANG_WARN_OBJC_IMPLICIT_RETAIN_SELF = YES;
				CLANG_WARN_OBJC_LITERAL_CONVERSION = YES;
				CLANG_WARN_OBJC_ROOT_CLASS = YES_ERROR;
				CLANG_WARN_RANGE_LOOP_ANALYSIS = YES;
				CLANG_WARN_STRICT_PROTOTYPES = YES;
				CLANG_WARN_SUSPICIOUS_MOVE = YES;
				CLANG_WARN_UNGUARDED_AVAILABILITY = YES_AGGRESSIVE;
				CLANG_WARN_UNREACHABLE_CODE = YES;
				CLANG_WARN__DUPLICATE_METHOD_MATCH = YES;
				CODE_SIGN_IDENTITY = "iPhone Developer";
				COPY_PHASE_STRIP = NO;
				DEBUG_INFORMATION_FORMAT = dwarf;
				ENABLE_STRICT_OBJC_MSGSEND = YES;
				ENABLE_TESTABILITY = YES;
				GCC_C_LANGUAGE_STANDARD = gnu11;
				GCC_DYNAMIC_NO_PIC = NO;
				GCC_NO_COMMON_BLOCKS = YES;
				GCC_OPTIMIZATION_LEVEL = 0;
				GCC_PREPROCESSOR_DEFINITIONS = (
					"DEBUG=1",
					"$(inherited)",
				);
				GCC_WARN_64_TO_32_BIT_CONVERSION = YES;
				GCC_WARN_ABOUT_RETURN_TYPE = YES_ERROR;
				GCC_WARN_UNDECLARED_SELECTOR = YES;
				GCC_WARN_UNINITIALIZED_AUTOS = YES_AGGRESSIVE;
				GCC_WARN_UNUSED_FUNCTION = YES;
				GCC_WARN_UNUSED_VARIABLE = YES;
				IPHONEOS_DEPLOYMENT_TARGET = 12.1;
				MTL_ENABLE_DEBUG_INFO = INCLUDE_SOURCE;
				MTL_FAST_MATH = YES;
				ONLY_ACTIVE_ARCH = YES;
				SDKROOT = iphoneos;
			};
			name = Debug;
		};
		99DFD0C0226EF57F0084CAC8 /* Release */ = {
			isa = XCBuildConfiguration;
			buildSettings = {
				ALWAYS_SEARCH_USER_PATHS = NO;
				CLANG_ANALYZER_NONNULL = YES;
				CLANG_ANALYZER_NUMBER_OBJECT_CONVERSION = YES_AGGRESSIVE;
				CLANG_CXX_LANGUAGE_STANDARD = "gnu++14";
				CLANG_CXX_LIBRARY = "libc++";
				CLANG_ENABLE_MODULES = YES;
				CLANG_ENABLE_OBJC_ARC = YES;
				CLANG_ENABLE_OBJC_WEAK = YES;
				CLANG_WARN_BLOCK_CAPTURE_AUTORELEASING = YES;
				CLANG_WARN_BOOL_CONVERSION = YES;
				CLANG_WARN_COMMA = YES;
				CLANG_WARN_CONSTANT_CONVERSION = YES;
				CLANG_WARN_DEPRECATED_OBJC_IMPLEMENTATIONS = YES;
				CLANG_WARN_DIRECT_OBJC_ISA_USAGE = YES_ERROR;
				CLANG_WARN_DOCUMENTATION_COMMENTS = YES;
				CLANG_WARN_EMPTY_BODY = YES;
				CLANG_WARN_ENUM_CONVERSION = YES;
				CLANG_WARN_INFINITE_RECURSION = YES;
				CLANG_WARN_INT_CONVERSION = YES;
				CLANG_WARN_NON_LITERAL_NULL_CONVERSION = YES;
				CLANG_WARN_OBJC_IMPLICIT_RETAIN_SELF = YES;
				CLANG_WARN_OBJC_LITERAL_CONVERSION = YES;
				CLANG_WARN_OBJC_ROOT_CLASS = YES_ERROR;
				CLANG_WARN_RANGE_LOOP_ANALYSIS = YES;
				CLANG_WARN_STRICT_PROTOTYPES = YES;
				CLANG_WARN_SUSPICIOUS_MOVE = YES;
				CLANG_WARN_UNGUARDED_AVAILABILITY = YES_AGGRESSIVE;
				CLANG_WARN_UNREACHABLE_CODE = YES;
				CLANG_WARN__DUPLICATE_METHOD_MATCH = YES;
				CODE_SIGN_IDENTITY = "iPhone Developer";
				COPY_PHASE_STRIP = NO;
				DEBUG_INFORMATION_FORMAT = "dwarf-with-dsym";
				ENABLE_NS_ASSERTIONS = NO;
				ENABLE_STRICT_OBJC_MSGSEND = YES;
				GCC_C_LANGUAGE_STANDARD = gnu11;
				GCC_NO_COMMON_BLOCKS = YES;
				GCC_WARN_64_TO_32_BIT_CONVERSION = YES;
				GCC_WARN_ABOUT_RETURN_TYPE = YES_ERROR;
				GCC_WARN_UNDECLARED_SELECTOR = YES;
				GCC_WARN_UNINITIALIZED_AUTOS = YES_AGGRESSIVE;
				GCC_WARN_UNUSED_FUNCTION = YES;
				GCC_WARN_UNUSED_VARIABLE = YES;
				IPHONEOS_DEPLOYMENT_TARGET = 12.1;
				MTL_ENABLE_DEBUG_INFO = NO;
				MTL_FAST_MATH = YES;
				SDKROOT = iphoneos;
				VALIDATE_PRODUCT = YES;
			};
			name = Release;
		};
		99DFD0C2226EF57F0084CAC8 /* Debug */ = {
			isa = XCBuildConfiguration;
			buildSettings = {
				ASSETCATALOG_COMPILER_APPICON_NAME = AppIcon;
				CODE_SIGN_STYLE = Automatic;
				INFOPLIST_FILE = WebserviceLogin/Info.plist;
				LD_RUNPATH_SEARCH_PATHS = (
					"$(inherited)",
					"@executable_path/Frameworks",
				);
				PRODUCT_BUNDLE_IDENTIFIER = JETS.WebserviceLogin;
				PRODUCT_NAME = "$(TARGET_NAME)";
				TARGETED_DEVICE_FAMILY = "1,2";
			};
			name = Debug;
		};
		99DFD0C3226EF57F0084CAC8 /* Release */ = {
			isa = XCBuildConfiguration;
			buildSettings = {
				ASSETCATALOG_COMPILER_APPICON_NAME = AppIcon;
				CODE_SIGN_STYLE = Automatic;
				INFOPLIST_FILE = WebserviceLogin/Info.plist;
				LD_RUNPATH_SEARCH_PATHS = (
					"$(inherited)",
					"@executable_path/Frameworks",
				);
				PRODUCT_BUNDLE_IDENTIFIER = JETS.WebserviceLogin;
				PRODUCT_NAME = "$(TARGET_NAME)";
				TARGETED_DEVICE_FAMILY = "1,2";
			};
			name = Release;
		};
/* End XCBuildConfiguration section */

/* Begin XCConfigurationList section */
		99DFD0A6226EF5740084CAC8 /* Build configuration list for PBXProject "WebserviceLogin" */ = {
			isa = XCConfigurationList;
			buildConfigurations = (
				99DFD0BF226EF57F0084CAC8 /* Debug */,
				99DFD0C0226EF57F0084CAC8 /* Release */,
			);
			defaultConfigurationIsVisible = 0;
			defaultConfigurationName = Release;
		};
		99DFD0C1226EF57F0084CAC8 /* Build configuration list for PBXNativeTarget "WebserviceLogin" */ = {
			isa = XCConfigurationList;
			buildConfigurations = (
				99DFD0C2226EF57F0084CAC8 /* Debug */,
				99DFD0C3226EF57F0084CAC8 /* Release */,
			);
			defaultConfigurationIsVisible = 0;
			defaultConfigurationName = Release;
		};
/* End XCConfigurationList section */
	};
	rootObject = 99DFD0A3226EF5740084CAC8 /* Project object */;
}
